
Microsoft Visual Studio Solution File, Format Version 12.00
# Visual Studio 14
VisualStudioVersion = 14.0.25420.1
MinimumVisualStudioVersion = 10.0.40219.1
Project("{FAE04EC0-301F-11D3-BF4B-00C04F79EFBC}") = "Journal.Api", "Journal.Api\Journal.Api.csproj", "{DB3B8CB7-DC04-4490-B460-38693C258E37}"
EndProject
Project("{FAE04EC0-301F-11D3-BF4B-00C04F79EFBC}") = "Journal.Service", "Journal.Service\Journal.Service.csproj", "{C7D971E4-F6F4-4656-BD44-48DA0C5C5C73}"
EndProject
Project("{FAE04EC0-301F-11D3-BF4B-00C04F79EFBC}") = "Journal.Model", "Journal.Model\Journal.Model.csproj", "{C05BBA6A-173B-4491-A156-583B1F1E8C24}"
EndProject
Project("{FAE04EC0-301F-11D3-BF4B-00C04F79EFBC}") = "Journal.Web", "Journal.Web\Journal.Web.csproj", "{D88209A2-D51A-4126-BB33-C616B408C1B0}"
EndProject
Project("{FAE04EC0-301F-11D3-BF4B-00C04F79EFBC}") = "Journal.Data", "Journal.Data\Journal.Data.csproj", "{8EF27C86-FE9C-4CE0-8143-4450074EA6D1}"
EndProject
Global
	GlobalSection(SolutionConfigurationPlatforms) = preSolution
		Debug|Any CPU = Debug|Any CPU
		Release|Any CPU = Release|Any CPU
	EndGlobalSection
	GlobalSection(ProjectConfigurationPlatforms) = postSolution
		{DB3B8CB7-DC04-4490-B460-38693C258E37}.Debug|Any CPU.ActiveCfg = Debug|Any CPU
		{DB3B8CB7-DC04-4490-B460-38693C258E37}.Debug|Any CPU.Build.0 = Debug|Any CPU
		{DB3B8CB7-DC04-4490-B460-38693C258E37}.Release|Any CPU.ActiveCfg = Release|Any CPU
		{DB3B8CB7-DC04-4490-B460-38693C258E37}.Release|Any CPU.Build.0 = Release|Any CPU
		{C7D971E4-F6F4-4656-BD44-48DA0C5C5C73}.Debug|Any CPU.ActiveCfg = Debug|Any CPU
		{C7D971E4-F6F4-4656-BD44-48DA0C5C5C73}.Debug|Any CPU.Build.0 = Debug|Any CPU
		{C7D971E4-F6F4-4656-BD44-48DA0C5C5C73}.Release|Any CPU.ActiveCfg = Release|Any CPU
		{C7D971E4-F6F4-4656-BD44-48DA0C5C5C73}.Release|Any CPU.Build.0 = Release|Any CPU
		{C05BBA6A-173B-4491-A156-583B1F1E8C24}.Debug|Any CPU.ActiveCfg = Debug|Any CPU
		{C05BBA6A-173B-4491-A156-583B1F1E8C24}.Debug|Any CPU.Build.0 = Debug|Any CPU
		{C05BBA6A-173B-4491-A156-583B1F1E8C24}.Release|Any CPU.ActiveCfg = Release|Any CPU
		{C05BBA6A-173B-4491-A156-583B1F1E8C24}.Release|Any CPU.Build.0 = Release|Any CPU
		{D88209A2-D51A-4126-BB33-C616B408C1B0}.Debug|Any CPU.ActiveCfg = Debug|Any CPU
		{D88209A2-D51A-4126-BB33-C616B408C1B0}.Debug|Any CPU.Build.0 = Debug|Any CPU
		{D88209A2-D51A-4126-BB33-C616B408C1B0}.Release|Any CPU.ActiveCfg = Release|Any CPU
		{D88209A2-D51A-4126-BB33-C616B408C1B0}.Release|Any CPU.Build.0 = Release|Any CPU
		{8EF27C86-FE9C-4CE0-8143-4450074EA6D1}.Debug|Any CPU.ActiveCfg = Debug|Any CPU
		{8EF27C86-FE9C-4CE0-8143-4450074EA6D1}.Debug|Any CPU.Build.0 = Debug|Any CPU
		{8EF27C86-FE9C-4CE0-8143-4450074EA6D1}.Release|Any CPU.ActiveCfg = Release|Any CPU
		{8EF27C86-FE9C-4CE0-8143-4450074EA6D1}.Release|Any CPU.Build.0 = Release|Any CPU
	EndGlobalSection
	GlobalSection(SolutionProperties) = preSolution
		HideSolutionNode = FALSE
	EndGlobalSection
EndGlobal
